// !$*UTF8*$!
{
	archiveVersion = 1;
	classes = {
	};
	objectVersion = 55;
	objects = {

/* Begin PBXBuildFile section */
		C742576828D16F20000EC1CA /* AppDelegate.swift in Sources */ = {isa = PBXBuildFile; fileRef = C742576728D16F20000EC1CA /* AppDelegate.swift */; };
		C742576A28D16F20000EC1CA /* SceneDelegate.swift in Sources */ = {isa = PBXBuildFile; fileRef = C742576928D16F20000EC1CA /* SceneDelegate.swift */; };
		C742576C28D16F20000EC1CA /* ViewController.swift in Sources */ = {isa = PBXBuildFile; fileRef = C742576B28D16F20000EC1CA /* ViewController.swift */; };
		C742576F28D16F20000EC1CA /* Main.storyboard in Resources */ = {isa = PBXBuildFile; fileRef = C742576D28D16F20000EC1CA /* Main.storyboard */; };
		C742577128D16F22000EC1CA /* Assets.xcassets in Resources */ = {isa = PBXBuildFile; fileRef = C742577028D16F22000EC1CA /* Assets.xcassets */; };
		C742577428D16F22000EC1CA /* LaunchScreen.storyboard in Resources */ = {isa = PBXBuildFile; fileRef = C742577228D16F22000EC1CA /* LaunchScreen.storyboard */; };
		C742577F28D16F22000EC1CA /* flashcardsTests.swift in Sources */ = {isa = PBXBuildFile; fileRef = C742577E28D16F22000EC1CA /* flashcardsTests.swift */; };
		C742578928D16F22000EC1CA /* flashcardsUITests.swift in Sources */ = {isa = PBXBuildFile; fileRef = C742578828D16F22000EC1CA /* flashcardsUITests.swift */; };
		C742578B28D16F22000EC1CA /* flashcardsUITestsLaunchTests.swift in Sources */ = {isa = PBXBuildFile; fileRef = C742578A28D16F22000EC1CA /* flashcardsUITestsLaunchTests.swift */; };
/* End PBXBuildFile section */

/* Begin PBXContainerItemProxy section */
		C742577B28D16F22000EC1CA /* PBXContainerItemProxy */ = {
			isa = PBXContainerItemProxy;
			containerPortal = C742575C28D16F20000EC1CA /* Project object */;
			proxyType = 1;
			remoteGlobalIDString = C742576328D16F20000EC1CA;
			remoteInfo = flashcards;
		};
		C742578528D16F22000EC1CA /* PBXContainerItemProxy */ = {
			isa = PBXContainerItemProxy;
			containerPortal = C742575C28D16F20000EC1CA /* Project object */;
			proxyType = 1;
			remoteGlobalIDString = C742576328D16F20000EC1CA;
			remoteInfo = flashcards;
		};
/* End PBXContainerItemProxy section */

/* Begin PBXFileReference section */
		C742576428D16F20000EC1CA /* flashcards.app */ = {isa = PBXFileReference; explicitFileType = wrapper.application; includeInIndex = 0; path = flashcards.app; sourceTree = BUILT_PRODUCTS_DIR; };
		C742576728D16F20000EC1CA /* AppDelegate.swift */ = {isa = PBXFileReference; lastKnownFileType = sourcecode.swift; path = AppDelegate.swift; sourceTree = "<group>"; };
		C742576928D16F20000EC1CA /* SceneDelegate.swift */ = {isa = PBXFileReference; lastKnownFileType = sourcecode.swift; path = SceneDelegate.swift; sourceTree = "<group>"; };
		C742576B28D16F20000EC1CA /* ViewController.swift */ = {isa = PBXFileReference; lastKnownFileType = sourcecode.swift; path = ViewController.swift; sourceTree = "<group>"; };
		C742576E28D16F20000EC1CA /* Base */ = {isa = PBXFileReference; lastKnownFileType = file.storyboard; name = Base; path = Base.lproj/Main.storyboard; sourceTree = "<group>"; };
		C742577028D16F22000EC1CA /* Assets.xcassets */ = {isa = PBXFileReference; lastKnownFileType = folder.assetcatalog; path = Assets.xcassets; sourceTree = "<group>"; };
		C742577328D16F22000EC1CA /* Base */ = {isa = PBXFileReference; lastKnownFileType = file.storyboard; name = Base; path = Base.lproj/LaunchScreen.storyboard; sourceTree = "<group>"; };
		C742577528D16F22000EC1CA /* Info.plist */ = {isa = PBXFileReference; lastKnownFileType = text.plist.xml; path = Info.plist; sourceTree = "<group>"; };
		C742577A28D16F22000EC1CA /* flashcardsTests.xctest */ = {isa = PBXFileReference; explicitFileType = wrapper.cfbundle; includeInIndex = 0; path = flashcardsTests.xctest; sourceTree = BUILT_PRODUCTS_DIR; };
		C742577E28D16F22000EC1CA /* flashcardsTests.swift */ = {isa = PBXFileReference; lastKnownFileType = sourcecode.swift; path = flashcardsTests.swift; sourceTree = "<group>"; };
		C742578428D16F22000EC1CA /* flashcardsUITests.xctest */ = {isa = PBXFileReference; explicitFileType = wrapper.cfbundle; includeInIndex = 0; path = flashcardsUITests.xctest; sourceTree = BUILT_PRODUCTS_DIR; };
		C742578828D16F22000EC1CA /* flashcardsUITests.swift */ = {isa = PBXFileReference; lastKnownFileType = sourcecode.swift; path = flashcardsUITests.swift; sourceTree = "<group>"; };
		C742578A28D16F22000EC1CA /* flashcardsUITestsLaunchTests.swift */ = {isa = PBXFileReference; lastKnownFileType = sourcecode.swift; path = flashcardsUITestsLaunchTests.swift; sourceTree = "<group>"; };
/* End PBXFileReference section */

/* Begin PBXFrameworksBuildPhase section */
		C742576128D16F20000EC1CA /* Frameworks */ = {
			isa = PBXFrameworksBuildPhase;
			buildActionMask = 2147483647;
			files = (
			);
			runOnlyForDeploymentPostprocessing = 0;
		};
		C742577728D16F22000EC1CA /* Frameworks */ = {
			isa = PBXFrameworksBuildPhase;
			buildActionMask = 2147483647;
			files = (
			);
			runOnlyForDeploymentPostprocessing = 0;
		};
		C742578128D16F22000EC1CA /* Frameworks */ = {
			isa = PBXFrameworksBuildPhase;
			buildActionMask = 2147483647;
			files = (
			);
			runOnlyForDeploymentPostprocessing = 0;
		};
/* End PBXFrameworksBuildPhase section */

/* Begin PBXGroup section */
		C742575B28D16F20000EC1CA = {
			isa = PBXGroup;
			children = (
				C742576628D16F20000EC1CA /* flashcards */,
				C742577D28D16F22000EC1CA /* flashcardsTests */,
				C742578728D16F22000EC1CA /* flashcardsUITests */,
				C742576528D16F20000EC1CA /* Products */,
			);
			sourceTree = "<group>";
		};
		C742576528D16F20000EC1CA /* Products */ = {
			isa = PBXGroup;
			children = (
				C742576428D16F20000EC1CA /* flashcards.app */,
				C742577A28D16F22000EC1CA /* flashcardsTests.xctest */,
				C742578428D16F22000EC1CA /* flashcardsUITests.xctest */,
			);
			name = Products;
			sourceTree = "<group>";
		};
		C742576628D16F20000EC1CA /* flashcards */ = {
			isa = PBXGroup;
			children = (
				C742576728D16F20000EC1CA /* AppDelegate.swift */,
				C742576928D16F20000EC1CA /* SceneDelegate.swift */,
				C742576B28D16F20000EC1CA /* ViewController.swift */,
				C742576D28D16F20000EC1CA /* Main.storyboard */,
				C742577028D16F22000EC1CA /* Assets.xcassets */,
				C742577228D16F22000EC1CA /* LaunchScreen.storyboard */,
				C742577528D16F22000EC1CA /* Info.plist */,
			);
			path = flashcards;
			sourceTree = "<group>";
		};
		C742577D28D16F22000EC1CA /* flashcardsTests */ = {
			isa = PBXGroup;
			children = (
				C742577E28D16F22000EC1CA /* flashcardsTests.swift */,
			);
			path = flashcardsTests;
			sourceTree = "<group>";
		};
		C742578728D16F22000EC1CA /* flashcardsUITests */ = {
			isa = PBXGroup;
			children = (
				C742578828D16F22000EC1CA /* flashcardsUITests.swift */,
				C742578A28D16F22000EC1CA /* flashcardsUITestsLaunchTests.swift */,
			);
			path = flashcardsUITests;
			sourceTree = "<group>";
		};
/* End PBXGroup section */

/* Begin PBXNativeTarget section */
		C742576328D16F20000EC1CA /* flashcards */ = {
			isa = PBXNativeTarget;
			buildConfigurationList = C742578E28D16F22000EC1CA /* Build configuration list for PBXNativeTarget "flashcards" */;
			buildPhases = (
				C742576028D16F20000EC1CA /* Sources */,
				C742576128D16F20000EC1CA /* Frameworks */,
				C742576228D16F20000EC1CA /* Resources */,
			);
			buildRules = (
			);
			dependencies = (
			);
			name = flashcards;
			productName = flashcards;
			productReference = C742576428D16F20000EC1CA /* flashcards.app */;
			productType = "com.apple.product-type.application";
		};
		C742577928D16F22000EC1CA /* flashcardsTests */ = {
			isa = PBXNativeTarget;
			buildConfigurationList = C742579128D16F22000EC1CA /* Build configuration list for PBXNativeTarget "flashcardsTests" */;
			buildPhases = (
				C742577628D16F22000EC1CA /* Sources */,
				C742577728D16F22000EC1CA /* Frameworks */,
				C742577828D16F22000EC1CA /* Resources */,
			);
			buildRules = (
			);
			dependencies = (
				C742577C28D16F22000EC1CA /* PBXTargetDependency */,
			);
			name = flashcardsTests;
			productName = flashcardsTests;
			productReference = C742577A28D16F22000EC1CA /* flashcardsTests.xctest */;
			productType = "com.apple.product-type.bundle.unit-test";
		};
		C742578328D16F22000EC1CA /* flashcardsUITests */ = {
			isa = PBXNativeTarget;
			buildConfigurationList = C742579428D16F22000EC1CA /* Build configuration list for PBXNativeTarget "flashcardsUITests" */;
			buildPhases = (
				C742578028D16F22000EC1CA /* Sources */,
				C742578128D16F22000EC1CA /* Frameworks */,
				C742578228D16F22000EC1CA /* Resources */,
			);
			buildRules = (
			);
			dependencies = (
				C742578628D16F22000EC1CA /* PBXTargetDependency */,
			);
			name = flashcardsUITests;
			productName = flashcardsUITests;
			productReference = C742578428D16F22000EC1CA /* flashcardsUITests.xctest */;
			productType = "com.apple.product-type.bundle.ui-testing";
		};
/* End PBXNativeTarget section */

/* Begin PBXProject section */
		C742575C28D16F20000EC1CA /* Project object */ = {
			isa = PBXProject;
			attributes = {
				BuildIndependentTargetsInParallel = 1;
				LastSwiftUpdateCheck = 1340;
				LastUpgradeCheck = 1340;
				TargetAttributes = {
					C742576328D16F20000EC1CA = {
						CreatedOnToolsVersion = 13.4.1;
					};
					C742577928D16F22000EC1CA = {
						CreatedOnToolsVersion = 13.4.1;
						TestTargetID = C742576328D16F20000EC1CA;
					};
					C742578328D16F22000EC1CA = {
						CreatedOnToolsVersion = 13.4.1;
						TestTargetID = C742576328D16F20000EC1CA;
					};
				};
			};
			buildConfigurationList = C742575F28D16F20000EC1CA /* Build configuration list for PBXProject "flashcards" */;
			compatibilityVersion = "Xcode 13.0";
			developmentRegion = en;
			hasScannedForEncodings = 0;
			knownRegions = (
				en,
				Base,
			);
			mainGroup = C742575B28D16F20000EC1CA;
			productRefGroup = C742576528D16F20000EC1CA /* Products */;
			projectDirPath = "";
			projectRoot = "";
			targets = (
				C742576328D16F20000EC1CA /* flashcards */,
				C742577928D16F22000EC1CA /* flashcardsTests */,
				C742578328D16F22000EC1CA /* flashcardsUITests */,
			);
		};
/* End PBXProject section */

/* Begin PBXResourcesBuildPhase section */
		C742576228D16F20000EC1CA /* Resources */ = {
			isa = PBXResourcesBuildPhase;
			buildActionMask = 2147483647;
			files = (
				C742577428D16F22000EC1CA /* LaunchScreen.storyboard in Resources */,
				C742577128D16F22000EC1CA /* Assets.xcassets in Resources */,
				C742576F28D16F20000EC1CA /* Main.storyboard in Resources */,
			);
			runOnlyForDeploymentPostprocessing = 0;
		};
		C742577828D16F22000EC1CA /* Resources */ = {
			isa = PBXResourcesBuildPhase;
			buildActionMask = 2147483647;
			files = (
			);
			runOnlyForDeploymentPostprocessing = 0;
		};
		C742578228D16F22000EC1CA /* Resources */ = {
			isa = PBXResourcesBuildPhase;
			buildActionMask = 2147483647;
			files = (
			);
			runOnlyForDeploymentPostprocessing = 0;
		};
/* End PBXResourcesBuildPhase section */

/* Begin PBXSourcesBuildPhase section */
		C742576028D16F20000EC1CA /* Sources */ = {
			isa = PBXSourcesBuildPhase;
			buildActionMask = 2147483647;
			files = (
				C742576C28D16F20000EC1CA /* ViewController.swift in Sources */,
				C742576828D16F20000EC1CA /* AppDelegate.swift in Sources */,
				C742576A28D16F20000EC1CA /* SceneDelegate.swift in Sources */,
			);
			runOnlyForDeploymentPostprocessing = 0;
		};
		C742577628D16F22000EC1CA /* Sources */ = {
			isa = PBXSourcesBuildPhase;
			buildActionMask = 2147483647;
			files = (
				C742577F28D16F22000EC1CA /* flashcardsTests.swift in Sources */,
			);
			runOnlyForDeploymentPostprocessing = 0;
		};
		C742578028D16F22000EC1CA /* Sources */ = {
			isa = PBXSourcesBuildPhase;
			buildActionMask = 2147483647;
			files = (
				C742578928D16F22000EC1CA /* flashcardsUITests.swift in Sources */,
				C742578B28D16F22000EC1CA /* flashcardsUITestsLaunchTests.swift in Sources */,
			);
			runOnlyForDeploymentPostprocessing = 0;
		};
/* End PBXSourcesBuildPhase section */

/* Begin PBXTargetDependency section */
		C742577C28D16F22000EC1CA /* PBXTargetDependency */ = {
			isa = PBXTargetDependency;
			target = C742576328D16F20000EC1CA /* flashcards */;
			targetProxy = C742577B28D16F22000EC1CA /* PBXContainerItemProxy */;
		};
		C742578628D16F22000EC1CA /* PBXTargetDependency */ = {
			isa = PBXTargetDependency;
			target = C742576328D16F20000EC1CA /* flashcards */;
			targetProxy = C742578528D16F22000EC1CA /* PBXContainerItemProxy */;
		};
/* End PBXTargetDependency section */

/* Begin PBXVariantGroup section */
		C742576D28D16F20000EC1CA /* Main.storyboard */ = {
			isa = PBXVariantGroup;
			children = (
				C742576E28D16F20000EC1CA /* Base */,
			);
			name = Main.storyboard;
			sourceTree = "<group>";
		};
		C742577228D16F22000EC1CA /* LaunchScreen.storyboard */ = {
			isa = PBXVariantGroup;
			children = (
				C742577328D16F22000EC1CA /* Base */,
			);
			name = LaunchScreen.storyboard;
			sourceTree = "<group>";
		};
/* End PBXVariantGroup section */

/* Begin XCBuildConfiguration section */
		C742578C28D16F22000EC1CA /* Debug */ = {
			isa = XCBuildConfiguration;
			buildSettings = {
				ALWAYS_SEARCH_USER_PATHS = NO;
				CLANG_ANALYZER_NONNULL = YES;
				CLANG_ANALYZER_NUMBER_OBJECT_CONVERSION = YES_AGGRESSIVE;
				CLANG_CXX_LANGUAGE_STANDARD = "gnu++17";
				CLANG_ENABLE_MODULES = YES;
				CLANG_ENABLE_OBJC_ARC = YES;
				CLANG_ENABLE_OBJC_WEAK = YES;
				CLANG_WARN_BLOCK_CAPTURE_AUTORELEASING = YES;
				CLANG_WARN_BOOL_CONVERSION = YES;
				CLANG_WARN_COMMA = YES;
				CLANG_WARN_CONSTANT_CONVERSION = YES;
				CLANG_WARN_DEPRECATED_OBJC_IMPLEMENTATIONS = YES;
				CLANG_WARN_DIRECT_OBJC_ISA_USAGE = YES_ERROR;
				CLANG_WARN_DOCUMENTATION_COMMENTS = YES;
				CLANG_WARN_EMPTY_BODY = YES;
				CLANG_WARN_ENUM_CONVERSION = YES;
				CLANG_WARN_INFINITE_RECURSION = YES;
				CLANG_WARN_INT_CONVERSION = YES;
				CLANG_WARN_NON_LITERAL_NULL_CONVERSION = YES;
				CLANG_WARN_OBJC_IMPLICIT_RETAIN_SELF = YES;
				CLANG_WARN_OBJC_LITERAL_CONVERSION = YES;
				CLANG_WARN_OBJC_ROOT_CLASS = YES_ERROR;
				CLANG_WARN_QUOTED_INCLUDE_IN_FRAMEWORK_HEADER = YES;
				CLANG_WARN_RANGE_LOOP_ANALYSIS = YES;
				CLANG_WARN_STRICT_PROTOTYPES = YES;
				CLANG_WARN_SUSPICIOUS_MOVE = YES;
				CLANG_WARN_UNGUARDED_AVAILABILITY = YES_AGGRESSIVE;
				CLANG_WARN_UNREACHABLE_CODE = YES;
				CLANG_WARN__DUPLICATE_METHOD_MATCH = YES;
				COPY_PHASE_STRIP = NO;
				DEBUG_INFORMATION_FORMAT = dwarf;
				ENABLE_STRICT_OBJC_MSGSEND = YES;
				ENABLE_TESTABILITY = YES;
				GCC_C_LANGUAGE_STANDARD = gnu11;
				GCC_DYNAMIC_NO_PIC = NO;
				GCC_NO_COMMON_BLOCKS = YES;
				GCC_OPTIMIZATION_LEVEL = 0;
				GCC_PREPROCESSOR_DEFINITIONS = (
					"DEBUG=1",
					"$(inherited)",
				);
				GCC_WARN_64_TO_32_BIT_CONVERSION = YES;
				GCC_WARN_ABOUT_RETURN_TYPE = YES_ERROR;
				GCC_WARN_UNDECLARED_SELECTOR = YES;
				GCC_WARN_UNINITIALIZED_AUTOS = YES_AGGRESSIVE;
				GCC_WARN_UNUSED_FUNCTION = YES;
				GCC_WARN_UNUSED_VARIABLE = YES;
				IPHONEOS_DEPLOYMENT_TARGET = 15.5;
				MTL_ENABLE_DEBUG_INFO = INCLUDE_SOURCE;
				MTL_FAST_MATH = YES;
				ONLY_ACTIVE_ARCH = YES;
				SDKROOT = iphoneos;
				SWIFT_ACTIVE_COMPILATION_CONDITIONS = DEBUG;
				SWIFT_OPTIMIZATION_LEVEL = "-Onone";
			};
			name = Debug;
		};
		C742578D28D16F22000EC1CA /* Release */ = {
			isa = XCBuildConfiguration;
			buildSettings = {
				ALWAYS_SEARCH_USER_PATHS = NO;
				CLANG_ANALYZER_NONNULL = YES;
				CLANG_ANALYZER_NUMBER_OBJECT_CONVERSION = YES_AGGRESSIVE;
				CLANG_CXX_LANGUAGE_STANDARD = "gnu++17";
				CLANG_ENABLE_MODULES = YES;
				CLANG_ENABLE_OBJC_ARC = YES;
				CLANG_ENABLE_OBJC_WEAK = YES;
				CLANG_WARN_BLOCK_CAPTURE_AUTORELEASING = YES;
				CLANG_WARN_BOOL_CONVERSION = YES;
				CLANG_WARN_COMMA = YES;
				CLANG_WARN_CONSTANT_CONVERSION = YES;
				CLANG_WARN_DEPRECATED_OBJC_IMPLEMENTATIONS = YES;
				CLANG_WARN_DIRECT_OBJC_ISA_USAGE = YES_ERROR;
				CLANG_WARN_DOCUMENTATION_COMMENTS = YES;
				CLANG_WARN_EMPTY_BODY = YES;
				CLANG_WARN_ENUM_CONVERSION = YES;
				CLANG_WARN_INFINITE_RECURSION = YES;
				CLANG_WARN_INT_CONVERSION = YES;
				CLANG_WARN_NON_LITERAL_NULL_CONVERSION = YES;
				CLANG_WARN_OBJC_IMPLICIT_RETAIN_SELF = YES;
				CLANG_WARN_OBJC_LITERAL_CONVERSION = YES;
				CLANG_WARN_OBJC_ROOT_CLASS = YES_ERROR;
				CLANG_WARN_QUOTED_INCLUDE_IN_FRAMEWORK_HEADER = YES;
				CLANG_WARN_RANGE_LOOP_ANALYSIS = YES;
				CLANG_WARN_STRICT_PROTOTYPES = YES;
				CLANG_WARN_SUSPICIOUS_MOVE = YES;
				CLANG_WARN_UNGUARDED_AVAILABILITY = YES_AGGRESSIVE;
				CLANG_WARN_UNREACHABLE_CODE = YES;
				CLANG_WARN__DUPLICATE_METHOD_MATCH = YES;
				COPY_PHASE_STRIP = NO;
				DEBUG_INFORMATION_FORMAT = "dwarf-with-dsym";
				ENABLE_NS_ASSERTIONS = NO;
				ENABLE_STRICT_OBJC_MSGSEND = YES;
				GCC_C_LANGUAGE_STANDARD = gnu11;
				GCC_NO_COMMON_BLOCKS = YES;
				GCC_WARN_64_TO_32_BIT_CONVERSION = YES;
				GCC_WARN_ABOUT_RETURN_TYPE = YES_ERROR;
				GCC_WARN_UNDECLARED_SELECTOR = YES;
				GCC_WARN_UNINITIALIZED_AUTOS = YES_AGGRESSIVE;
				GCC_WARN_UNUSED_FUNCTION = YES;
				GCC_WARN_UNUSED_VARIABLE = YES;
				IPHONEOS_DEPLOYMENT_TARGET = 15.5;
				MTL_ENABLE_DEBUG_INFO = NO;
				MTL_FAST_MATH = YES;
				SDKROOT = iphoneos;
				SWIFT_COMPILATION_MODE = wholemodule;
				SWIFT_OPTIMIZATION_LEVEL = "-O";
				VALIDATE_PRODUCT = YES;
			};
			name = Release;
		};
		C742578F28D16F22000EC1CA /* Debug */ = {
			isa = XCBuildConfiguration;
			buildSettings = {
				ASSETCATALOG_COMPILER_APPICON_NAME = AppIcon;
				ASSETCATALOG_COMPILER_GLOBAL_ACCENT_COLOR_NAME = AccentColor;
				CODE_SIGN_STYLE = Automatic;
				CURRENT_PROJECT_VERSION = 1;
				DEVELOPMENT_TEAM = FC8673BZNZ;
				GENERATE_INFOPLIST_FILE = YES;
				INFOPLIST_FILE = flashcards/Info.plist;
				INFOPLIST_KEY_UIApplicationSupportsIndirectInputEvents = YES;
				INFOPLIST_KEY_UILaunchStoryboardName = LaunchScreen;
				INFOPLIST_KEY_UIMainStoryboardFile = Main;
				INFOPLIST_KEY_UISupportedInterfaceOrientations_iPad = "UIInterfaceOrientationPortrait UIInterfaceOrientationPortraitUpsideDown UIInterfaceOrientationLandscapeLeft UIInterfaceOrientationLandscapeRight";
				INFOPLIST_KEY_UISupportedInterfaceOrientations_iPhone = "UIInterfaceOrientationPortrait UIInterfaceOrientationLandscapeLeft UIInterfaceOrientationLandscapeRight";
				LD_RUNPATH_SEARCH_PATHS = (
					"$(inherited)",
					"@executable_path/Frameworks",
				);
				MARKETING_VERSION = 1.0;
				PRODUCT_BUNDLE_IDENTIFIER = com.yana.flashcards;
				PRODUCT_NAME = "$(TARGET_NAME)";
				SWIFT_EMIT_LOC_STRINGS = YES;
				SWIFT_VERSION = 5.0;
				TARGETED_DEVICE_FAMILY = "1,2";
			};
			name = Debug;
		};
		C742579028D16F22000EC1CA /* Release */ = {
			isa = XCBuildConfiguration;
			buildSettings = {
				ASSETCATALOG_COMPILER_APPICON_NAME = AppIcon;
				ASSETCATALOG_COMPILER_GLOBAL_ACCENT_COLOR_NAME = AccentColor;
				CODE_SIGN_STYLE = Automatic;
				CURRENT_PROJECT_VERSION = 1;
				DEVELOPMENT_TEAM = FC8673BZNZ;
				GENERATE_INFOPLIST_FILE = YES;
				INFOPLIST_FILE = flashcards/Info.plist;
				INFOPLIST_KEY_UIApplicationSupportsIndirectInputEvents = YES;
				INFOPLIST_KEY_UILaunchStoryboardName = LaunchScreen;
				INFOPLIST_KEY_UIMainStoryboardFile = Main;
				INFOPLIST_KEY_UISupportedInterfaceOrientations_iPad = "UIInterfaceOrientationPortrait UIInterfaceOrientationPortraitUpsideDown UIInterfaceOrientationLandscapeLeft UIInterfaceOrientationLandscapeRight";
				INFOPLIST_KEY_UISupportedInterfaceOrientations_iPhone = "UIInterfaceOrientationPortrait UIInterfaceOrientationLandscapeLeft UIInterfaceOrientationLandscapeRight";
				LD_RUNPATH_SEARCH_PATHS = (
					"$(inherited)",
					"@executable_path/Frameworks",
				);
				MARKETING_VERSION = 1.0;
				PRODUCT_BUNDLE_IDENTIFIER = com.yana.flashcards;
				PRODUCT_NAME = "$(TARGET_NAME)";
				SWIFT_EMIT_LOC_STRINGS = YES;
				SWIFT_VERSION = 5.0;
				TARGETED_DEVICE_FAMILY = "1,2";
			};
			name = Release;
		};
		C742579228D16F22000EC1CA /* Debug */ = {
			isa = XCBuildConfiguration;
			buildSettings = {
				ALWAYS_EMBED_SWIFT_STANDARD_LIBRARIES = YES;
				BUNDLE_LOADER = "$(TEST_HOST)";
				CODE_SIGN_STYLE = Automatic;
				CURRENT_PROJECT_VERSION = 1;
				GENERATE_INFOPLIST_FILE = YES;
				IPHONEOS_DEPLOYMENT_TARGET = 15.5;
				MARKETING_VERSION = 1.0;
				PRODUCT_BUNDLE_IDENTIFIER = com.yana.flashcardsTests;
				PRODUCT_NAME = "$(TARGET_NAME)";
				SWIFT_EMIT_LOC_STRINGS = NO;
				SWIFT_VERSION = 5.0;
				TARGETED_DEVICE_FAMILY = "1,2";
				TEST_HOST = "$(BUILT_PRODUCTS_DIR)/flashcards.app/flashcards";
			};
			name = Debug;
		};
		C742579328D16F22000EC1CA /* Release */ = {
			isa = XCBuildConfiguration;
			buildSettings = {
				ALWAYS_EMBED_SWIFT_STANDARD_LIBRARIES = YES;
				BUNDLE_LOADER = "$(TEST_HOST)";
				CODE_SIGN_STYLE = Automatic;
				CURRENT_PROJECT_VERSION = 1;
				GENERATE_INFOPLIST_FILE = YES;
				IPHONEOS_DEPLOYMENT_TARGET = 15.5;
				MARKETING_VERSION = 1.0;
				PRODUCT_BUNDLE_IDENTIFIER = com.yana.flashcardsTests;
				PRODUCT_NAME = "$(TARGET_NAME)";
				SWIFT_EMIT_LOC_STRINGS = NO;
				SWIFT_VERSION = 5.0;
				TARGETED_DEVICE_FAMILY = "1,2";
				TEST_HOST = "$(BUILT_PRODUCTS_DIR)/flashcards.app/flashcards";
			};
			name = Release;
		};
		C742579528D16F22000EC1CA /* Debug */ = {
			isa = XCBuildConfiguration;
			buildSettings = {
				ALWAYS_EMBED_SWIFT_STANDARD_LIBRARIES = YES;
				CODE_SIGN_STYLE = Automatic;
				CURRENT_PROJECT_VERSION = 1;
				GENERATE_INFOPLIST_FILE = YES;
				MARKETING_VERSION = 1.0;
				PRODUCT_BUNDLE_IDENTIFIER = com.yana.flashcardsUITests;
				PRODUCT_NAME = "$(TARGET_NAME)";
				SWIFT_EMIT_LOC_STRINGS = NO;
				SWIFT_VERSION = 5.0;
				TARGETED_DEVICE_FAMILY = "1,2";
				TEST_TARGET_NAME = flashcards;
			};
			name = Debug;
		};
		C742579628D16F22000EC1CA /* Release */ = {
			isa = XCBuildConfiguration;
			buildSettings = {
				ALWAYS_EMBED_SWIFT_STANDARD_LIBRARIES = YES;
				CODE_SIGN_STYLE = Automatic;
				CURRENT_PROJECT_VERSION = 1;
				GENERATE_INFOPLIST_FILE = YES;
				MARKETING_VERSION = 1.0;
				PRODUCT_BUNDLE_IDENTIFIER = com.yana.flashcardsUITests;
				PRODUCT_NAME = "$(TARGET_NAME)";
				SWIFT_EMIT_LOC_STRINGS = NO;
				SWIFT_VERSION = 5.0;
				TARGETED_DEVICE_FAMILY = "1,2";
				TEST_TARGET_NAME = flashcards;
			};
			name = Release;
		};
/* End XCBuildConfiguration section */

/* Begin XCConfigurationList section */
		C742575F28D16F20000EC1CA /* Build configuration list for PBXProject "flashcards" */ = {
			isa = XCConfigurationList;
			buildConfigurations = (
				C742578C28D16F22000EC1CA /* Debug */,
				C742578D28D16F22000EC1CA /* Release */,
			);
			defaultConfigurationIsVisible = 0;
			defaultConfigurationName = Release;
		};
		C742578E28D16F22000EC1CA /* Build configuration list for PBXNativeTarget "flashcards" */ = {
			isa = XCConfigurationList;
			buildConfigurations = (
				C742578F28D16F22000EC1CA /* Debug */,
				C742579028D16F22000EC1CA /* Release */,
			);
			defaultConfigurationIsVisible = 0;
			defaultConfigurationName = Release;
		};
		C742579128D16F22000EC1CA /* Build configuration list for PBXNativeTarget "flashcardsTests" */ = {
			isa = XCConfigurationList;
			buildConfigurations = (
				C742579228D16F22000EC1CA /* Debug */,
				C742579328D16F22000EC1CA /* Release */,
			);
			defaultConfigurationIsVisible = 0;
			defaultConfigurationName = Release;
		};
		C742579428D16F22000EC1CA /* Build configuration list for PBXNativeTarget "flashcardsUITests" */ = {
			isa = XCConfigurationList;
			buildConfigurations = (
				C742579528D16F22000EC1CA /* Debug */,
				C742579628D16F22000EC1CA /* Release */,
			);
			defaultConfigurationIsVisible = 0;
			defaultConfigurationName = Release;
		};
/* End XCConfigurationList section */
	};
	rootObject = C742575C28D16F20000EC1CA /* Project object */;
}
